<?xml version="1.0" encoding="utf-8"?>
<Project ToolsVersion="4.0" xmlns="http://schemas.microsoft.com/developer/msbuild/2003">
  <ItemGroup>
    <Filter Include="ソース ファイル">
      <UniqueIdentifier>{4FC737F1-C7A5-4376-A066-2A32D752A2FF}</UniqueIdentifier>
      <Extensions>cpp;c;cc;cxx;def;odl;idl;hpj;bat;asm;asmx</Extensions>
    </Filter>
    <Filter Include="ヘッダー ファイル">
      <UniqueIdentifier>{93995380-89BD-4b04-88EB-625FBE52EBFB}</UniqueIdentifier>
      <Extensions>h;hpp;hxx;hm;inl;inc;xsd</Extensions>
    </Filter>
    <Filter Include="リソース ファイル">
      <UniqueIdentifier>{67DA6AB6-F800-4c08-8B7A-83BB121AAD01}</UniqueIdentifier>
      <Extensions>rc;ico;cur;bmp;dlg;rc2;rct;bin;rgs;gif;jpg;jpeg;jpe;resx;tiff;tif;png;wav</Extensions>
    </Filter>
    <Filter Include="ソース ファイル\ConfigDB">
      <UniqueIdentifier>{7ee14ee8-6358-4b04-9646-f7c7a0fd1e89}</UniqueIdentifier>
    </Filter>
    <Filter Include="ヘッダー ファイル\ConfigDB">
      <UniqueIdentifier>{b9c5b0df-3151-44df-b45a-a720d11f0ce4}</UniqueIdentifier>
    </Filter>
  </ItemGroup>
  <ItemGroup>
    <ClCompile Include="AssemblyInfo.cpp">
      <Filter>ソース ファイル</Filter>
    </ClCompile>
    <ClCompile Include="CommonDotNet.cpp">
      <Filter>ソース ファイル</Filter>
    </ClCompile>
    <ClCompile Include="ConfigBrowser.cpp">
      <Filter>ソース ファイル</Filter>
    </ClCompile>
    <ClCompile Include="FormInput.cpp">
      <Filter>ソース ファイル</Filter>
    </ClCompile>
    <ClCompile Include="FormMatrixView.cpp">
      <Filter>ソース ファイル</Filter>
    </ClCompile>
    <ClCompile Include="FormUnivTypeList.cpp">
      <Filter>ソース ファイル</Filter>
    </ClCompile>
    <ClCompile Include="stdafx.cpp">
      <Filter>ソース ファイル</Filter>
    </ClCompile>
    <ClCompile Include="UpdateManager.cpp">
      <Filter>ソース ファイル</Filter>
    </ClCompile>
    <ClCompile Include="ConfigDB\BaseDB.cpp">
      <Filter>ソース ファイル\ConfigDB</Filter>
    </ClCompile>
    <ClCompile Include="ConfigDB\CdbException.cpp">
      <Filter>ソース ファイル\ConfigDB</Filter>
    </ClCompile>
    <ClCompile Include="ConfigDB\CommonLib.cpp">
      <Filter>ソース ファイル\ConfigDB</Filter>
    </ClCompile>
    <ClCompile Include="ConfigDB\EmbeddedFunc.cpp">
      <Filter>ソース ファイル\ConfigDB</Filter>
    </ClCompile>
    <ClCompile Include="ConfigDB\Equation.cpp">
      <Filter>ソース ファイル\ConfigDB</Filter>
    </ClCompile>
    <ClCompile Include="ConfigDB\FormatToken.cpp">
      <Filter>ソース ファイル\ConfigDB</Filter>
    </ClCompile>
    <ClCompile Include="ConfigDB\IndexConv.cpp">
      <Filter>ソース ファイル\ConfigDB</Filter>
    </ClCompile>
    <ClCompile Include="ConfigDB\IndexMapping.cpp">
      <Filter>ソース ファイル\ConfigDB</Filter>
    </ClCompile>
    <ClCompile Include="ConfigDB\NamedUnivType.cpp">
      <Filter>ソース ファイル\ConfigDB</Filter>
    </ClCompile>
    <ClCompile Include="ConfigDB\OwnedUnivType.cpp">
      <Filter>ソース ファイル\ConfigDB</Filter>
    </ClCompile>
    <ClCompile Include="ConfigDB\ParseContext.cpp">
      <Filter>ソース ファイル\ConfigDB</Filter>
    </ClCompile>
    <ClCompile Include="ConfigDB\Parser.cpp">
      <Filter>ソース ファイル\ConfigDB</Filter>
    </ClCompile>
    <ClCompile Include="ConfigDB\TokenAnaly.cpp">
      <Filter>ソース ファイル\ConfigDB</Filter>
    </ClCompile>
    <ClCompile Include="ConfigDB\UnivMatrix.cpp">
      <Filter>ソース ファイル\ConfigDB</Filter>
    </ClCompile>
    <ClCompile Include="ConfigDB\UnivType.cpp">
      <Filter>ソース ファイル\ConfigDB</Filter>
    </ClCompile>
    <ClCompile Include="ConfigDB\UnivTypeOps.cpp">
      <Filter>ソース ファイル\ConfigDB</Filter>
    </ClCompile>
    <ClCompile Include="ConfigDB\RequireUpdateObj.cpp">
      <Filter>ソース ファイル\ConfigDB</Filter>
    </ClCompile>
  </ItemGroup>
  <ItemGroup>
    <ClInclude Include="CommonDotNet.h">
      <Filter>ヘッダー ファイル</Filter>
    </ClInclude>
    <ClInclude Include="FormInput.h">
      <Filter>ヘッダー ファイル</Filter>
    </ClInclude>
    <ClInclude Include="FormMatrixView.h">
      <Filter>ヘッダー ファイル</Filter>
    </ClInclude>
    <ClInclude Include="FormUnivTypeList.h">
      <Filter>ヘッダー ファイル</Filter>
    </ClInclude>
    <ClInclude Include="resource.h">
      <Filter>ヘッダー ファイル</Filter>
    </ClInclude>
    <ClInclude Include="stdafx.h">
      <Filter>ヘッダー ファイル</Filter>
    </ClInclude>
    <ClInclude Include="UpdateManager.h">
      <Filter>ヘッダー ファイル</Filter>
    </ClInclude>
    <ClInclude Include="ConfigDB\BaseDB.h">
      <Filter>ヘッダー ファイル\ConfigDB</Filter>
    </ClInclude>
    <ClInclude Include="ConfigDB\CdbException.h">
      <Filter>ヘッダー ファイル\ConfigDB</Filter>
    </ClInclude>
    <ClInclude Include="ConfigDB\CommonLib.h">
      <Filter>ヘッダー ファイル\ConfigDB</Filter>
    </ClInclude>
    <ClInclude Include="ConfigDB\EmbeddedFunc.h">
      <Filter>ヘッダー ファイル\ConfigDB</Filter>
    </ClInclude>
    <ClInclude Include="ConfigDB\Equation.h">
      <Filter>ヘッダー ファイル\ConfigDB</Filter>
    </ClInclude>
    <ClInclude Include="ConfigDB\FormatToken.h">
      <Filter>ヘッダー ファイル\ConfigDB</Filter>
    </ClInclude>
    <ClInclude Include="ConfigDB\IndexConv.h">
      <Filter>ヘッダー ファイル\ConfigDB</Filter>
    </ClInclude>
    <ClInclude Include="ConfigDB\IndexMapping.h">
      <Filter>ヘッダー ファイル\ConfigDB</Filter>
    </ClInclude>
    <ClInclude Include="ConfigDB\NamedUnivType.h">
      <Filter>ヘッダー ファイル\ConfigDB</Filter>
    </ClInclude>
    <ClInclude Include="ConfigDB\OwnedUnivType.h">
      <Filter>ヘッダー ファイル\ConfigDB</Filter>
    </ClInclude>
    <ClInclude Include="ConfigDB\ParseContext.h">
      <Filter>ヘッダー ファイル\ConfigDB</Filter>
    </ClInclude>
    <ClInclude Include="ConfigDB\Parser.h">
      <Filter>ヘッダー ファイル\ConfigDB</Filter>
    </ClInclude>
    <ClInclude Include="ConfigDB\RequireUpdateObj.h">
      <Filter>ヘッダー ファイル\ConfigDB</Filter>
    </ClInclude>
    <ClInclude Include="ConfigDB\TokenAnaly.h">
      <Filter>ヘッダー ファイル\ConfigDB</Filter>
    </ClInclude>
    <ClInclude Include="ConfigDB\UnivMatrix.h">
      <Filter>ヘッダー ファイル\ConfigDB</Filter>
    </ClInclude>
    <ClInclude Include="ConfigDB\WrappedMap.h">
      <Filter>ヘッダー ファイル\ConfigDB</Filter>
    </ClInclude>
    <ClInclude Include="ConfigDB\WrappedVector.h">
      <Filter>ヘッダー ファイル\ConfigDB</Filter>
    </ClInclude>
    <ClInclude Include="ConfigDB\UnivType.h">
      <Filter>ヘッダー ファイル\ConfigDB</Filter>
    </ClInclude>
    <ClInclude Include="ConfigDB\UnivTypeOps.h">
      <Filter>ヘッダー ファイル\ConfigDB</Filter>
    </ClInclude>
    <ClInclude Include="ConfigDB\CommonUtils.h">
      <Filter>ヘッダー ファイル\ConfigDB</Filter>
    </ClInclude>
  </ItemGroup>
  <ItemGroup>
    <None Include="app.ico">
      <Filter>リソース ファイル</Filter>
    </None>
    <None Include="ReadMe.txt" />
  </ItemGroup>
  <ItemGroup>
    <ResourceCompile Include="app.rc">
      <Filter>リソース ファイル</Filter>
    </ResourceCompile>
  </ItemGroup>
  <ItemGroup>
    <EmbeddedResource Include="FormInput.resx">
      <Filter>リソース ファイル</Filter>
    </EmbeddedResource>
    <EmbeddedResource Include="FormMatrixView.resx">
      <Filter>リソース ファイル</Filter>
    </EmbeddedResource>
    <EmbeddedResource Include="FormUnivTypeList.resX">
      <Filter>リソース ファイル</Filter>
    </EmbeddedResource>
  </ItemGroup>
</Project>